schema: '2.0'
stages:
  load_data:
    cmd: python src/stage_01_load_save.py --config=config/config.yaml
    deps:
    - path: config/config.yaml
      md5: 44505ae4f66ac9acc6bd0dce0be32fa2
      size: 477
    - path: src/stage_01_load_save.py
      md5: 8d1f797f53ce585080c5f8d71105baa5
      size: 1723
    - path: src/utils/all_utils.py
      md5: 0fe9bcc4134f62977696fcc10a5dd5a5
      size: 998
    outs:
    - path: data
      md5: a52ad4b30715598bfd754e3e9c51ef2c.dir
      size: 37934943
      nfiles: 277
  prepare_base_model:
    cmd: python src/stage_02_prepare_base_model.py --config=config/config.yaml --params=params.yaml
    deps:
    - path: config/config.yaml
      md5: 44505ae4f66ac9acc6bd0dce0be32fa2
      size: 477
    - path: src/stage_02_prepare_base_model.py
      md5: dd1dacce57e70037fc89d8be6d783035
      size: 2295
    - path: src/utils/all_utils.py
      md5: 0fe9bcc4134f62977696fcc10a5dd5a5
      size: 998
    - path: src/utils/models.py
      md5: 2d9c5c3de996caaee5658aceaa00199c
      size: 1912
    params:
      params.yaml:
        IMAGE_SIZE:
        - 224
        - 224
        - 3
        LEARNING_RATE: 0.001
    outs:
    - path: artifacts/base_model/VGG16_base_model.h5
      md5: a06e6a8e3ceafdf4eaa875d6cb402308
      size: 58920272
    - path: artifacts/base_model/updated_VGG16_base_model.h5
      md5: 77e8aac76b6446cb67f06a31a8f7f2fe
      size: 59132008
  prepare_callbacks:
    cmd: python src/stage_03_prepare_callbacks.py --config=config/config.yaml --params=params.yaml
    deps:
    - path: config/config.yaml
      md5: 44505ae4f66ac9acc6bd0dce0be32fa2
      size: 477
    - path: params.yaml
      md5: 6e3449ebd9a52a92977f1894649adb27
      size: 130
    - path: src/stage_03_prepare_callbacks.py
      md5: 980ee20c59b2cfabb7356154a26172ea
      size: 1802
    - path: src/utils/all_utils.py
      md5: 0fe9bcc4134f62977696fcc10a5dd5a5
      size: 998
    - path: src/utils/callbacks.py
      md5: 47f9289a47896bc1e89dfce6edcee9d6
      size: 1530
    outs:
    - path: artifacts/callbacks/checkpoint_cb.cb
      md5: fa4abcae7e340415ddfaabd96efa85bb
      size: 869
    - path: artifacts/callbacks/tensorboard_cb.cb
      md5: add0a6f65d55b29343aa0c6edcc31ea0
      size: 682
  train:
    cmd: python src/stage_04_train.py --config=config/config.yaml --params=params.yaml
    deps:
    - path: artifacts/base_model/updated_VGG16_base_model.h5
      md5: 77e8aac76b6446cb67f06a31a8f7f2fe
      size: 59132008
    - path: artifacts/callbacks/checkpoint_cb.cb
      md5: fa4abcae7e340415ddfaabd96efa85bb
      size: 869
    - path: artifacts/callbacks/tensorboard_cb.cb
      md5: add0a6f65d55b29343aa0c6edcc31ea0
      size: 682
    - path: config/config.yaml
      md5: 44505ae4f66ac9acc6bd0dce0be32fa2
      size: 477
    - path: data
      md5: a52ad4b30715598bfd754e3e9c51ef2c.dir
      size: 37934943
      nfiles: 277
    - path: src/stage_04_train.py
      md5: 03d5acc6e58b15f61bd3dcd18038eafa
      size: 2802
    - path: src/utils/all_utils.py
      md5: 0fe9bcc4134f62977696fcc10a5dd5a5
      size: 998
    - path: src/utils/callbacks.py
      md5: 47f9289a47896bc1e89dfce6edcee9d6
      size: 1530
    - path: src/utils/data_management.py
      md5: de2dc7f006b645cfdcd30e58689f4926
      size: 1443
    - path: src/utils/models.py
      md5: 2d9c5c3de996caaee5658aceaa00199c
      size: 1912
    params:
      params.yaml:
        AUGMENTATION: true
        BATCH_SIZE: 16
        EPOCHS: 30
        IMAGE_SIZE:
        - 224
        - 224
        - 3
    outs:
    - path: artifacts/model
      md5: 286bf42b37459bf469658cc81d9e82b2.dir
      size: 59134488
      nfiles: 1
